
Microsoft Visual Studio Solution File, Format Version 12.00
# Visual Studio Version 16
VisualStudioVersion = 16.0.30413.136
MinimumVisualStudioVersion = 10.0.40219.1
Project("{FAE04EC0-301F-11D3-BF4B-00C04F79EFBC}") = "PasswordApp", "PasswordApp\PasswordApp.csproj", "{365D7C7C-9D94-449F-ADCF-6DE12F29ADBB}"
EndProject
Global
	GlobalSection(SolutionConfigurationPlatforms) = preSolution
		Debug|Any CPU = Debug|Any CPU
		Release|Any CPU = Release|Any CPU
	EndGlobalSection
	GlobalSection(ProjectConfigurationPlatforms) = postSolution
		{365D7C7C-9D94-449F-ADCF-6DE12F29ADBB}.Debug|Any CPU.ActiveCfg = Debug|Any CPU
		{365D7C7C-9D94-449F-ADCF-6DE12F29ADBB}.Debug|Any CPU.Build.0 = Debug|Any CPU
		{365D7C7C-9D94-449F-ADCF-6DE12F29ADBB}.Release|Any CPU.ActiveCfg = Release|Any CPU
		{365D7C7C-9D94-449F-ADCF-6DE12F29ADBB}.Release|Any CPU.Build.0 = Release|Any CPU
	EndGlobalSection
	GlobalSection(SolutionProperties) = preSolution
		HideSolutionNode = FALSE
	EndGlobalSection
	GlobalSection(ExtensibilityGlobals) = postSolution
		SolutionGuid = {1CA5357B-347A-4C6D-8645-31E5663035BC}
	EndGlobalSection
EndGlobal
